
Microsoft Visual Studio Solution File, Format Version 12.00
# Visual Studio Version 17
VisualStudioVersion = 17.13.35825.156
MinimumVisualStudioVersion = 10.0.40219.1
Project("{FAE04EC0-301F-11D3-BF4B-00C04F79EFBC}") = "Bai01", "Bai01\Bai01.csproj", "{740B65C9-5E3B-6CFC-5AAC-DA64564EA4C2}"
EndProject
Project("{FAE04EC0-301F-11D3-BF4B-00C04F79EFBC}") = "Bai02", "Bai02\Bai02.csproj", "{C15756F3-F759-D45C-EF4D-C343867E4A69}"
EndProject
Project("{FAE04EC0-301F-11D3-BF4B-00C04F79EFBC}") = "Bai03", "Bai03\Bai03.csproj", "{B791C622-C573-8848-F9BB-A372A196AA96}"
EndProject
Project("{FAE04EC0-301F-11D3-BF4B-00C04F79EFBC}") = "Bai04", "Bai04\Bai04.csproj", "{011CBDDF-8644-CC2E-DA78-1D07E27E540A}"
EndProject
Project("{FAE04EC0-301F-11D3-BF4B-00C04F79EFBC}") = "Bai05", "Bai05\Bai05.csproj", "{33751CA9-A2BF-5630-61BA-BB934A251BD2}"
EndProject
Project("{FAE04EC0-301F-11D3-BF4B-00C04F79EFBC}") = "Bai06", "Bai06\Bai06.csproj", "{514156ED-5E3B-4BCF-63F6-ED8C7EA7D1D0}"
EndProject
Global
	GlobalSection(SolutionConfigurationPlatforms) = preSolution
		Debug|Any CPU = Debug|Any CPU
		Release|Any CPU = Release|Any CPU
	EndGlobalSection
	GlobalSection(ProjectConfigurationPlatforms) = postSolution
		{740B65C9-5E3B-6CFC-5AAC-DA64564EA4C2}.Debug|Any CPU.ActiveCfg = Debug|Any CPU
		{740B65C9-5E3B-6CFC-5AAC-DA64564EA4C2}.Debug|Any CPU.Build.0 = Debug|Any CPU
		{740B65C9-5E3B-6CFC-5AAC-DA64564EA4C2}.Release|Any CPU.ActiveCfg = Release|Any CPU
		{740B65C9-5E3B-6CFC-5AAC-DA64564EA4C2}.Release|Any CPU.Build.0 = Release|Any CPU
		{C15756F3-F759-D45C-EF4D-C343867E4A69}.Debug|Any CPU.ActiveCfg = Debug|Any CPU
		{C15756F3-F759-D45C-EF4D-C343867E4A69}.Debug|Any CPU.Build.0 = Debug|Any CPU
		{C15756F3-F759-D45C-EF4D-C343867E4A69}.Release|Any CPU.ActiveCfg = Release|Any CPU
		{C15756F3-F759-D45C-EF4D-C343867E4A69}.Release|Any CPU.Build.0 = Release|Any CPU
		{B791C622-C573-8848-F9BB-A372A196AA96}.Debug|Any CPU.ActiveCfg = Debug|Any CPU
		{B791C622-C573-8848-F9BB-A372A196AA96}.Debug|Any CPU.Build.0 = Debug|Any CPU
		{B791C622-C573-8848-F9BB-A372A196AA96}.Release|Any CPU.ActiveCfg = Release|Any CPU
		{B791C622-C573-8848-F9BB-A372A196AA96}.Release|Any CPU.Build.0 = Release|Any CPU
		{011CBDDF-8644-CC2E-DA78-1D07E27E540A}.Debug|Any CPU.ActiveCfg = Debug|Any CPU
		{011CBDDF-8644-CC2E-DA78-1D07E27E540A}.Debug|Any CPU.Build.0 = Debug|Any CPU
		{011CBDDF-8644-CC2E-DA78-1D07E27E540A}.Release|Any CPU.ActiveCfg = Release|Any CPU
		{011CBDDF-8644-CC2E-DA78-1D07E27E540A}.Release|Any CPU.Build.0 = Release|Any CPU
		{33751CA9-A2BF-5630-61BA-BB934A251BD2}.Debug|Any CPU.ActiveCfg = Debug|Any CPU
		{33751CA9-A2BF-5630-61BA-BB934A251BD2}.Debug|Any CPU.Build.0 = Debug|Any CPU
		{33751CA9-A2BF-5630-61BA-BB934A251BD2}.Release|Any CPU.ActiveCfg = Release|Any CPU
		{33751CA9-A2BF-5630-61BA-BB934A251BD2}.Release|Any CPU.Build.0 = Release|Any CPU
		{514156ED-5E3B-4BCF-63F6-ED8C7EA7D1D0}.Debug|Any CPU.ActiveCfg = Debug|Any CPU
		{514156ED-5E3B-4BCF-63F6-ED8C7EA7D1D0}.Debug|Any CPU.Build.0 = Debug|Any CPU
		{514156ED-5E3B-4BCF-63F6-ED8C7EA7D1D0}.Release|Any CPU.ActiveCfg = Release|Any CPU
		{514156ED-5E3B-4BCF-63F6-ED8C7EA7D1D0}.Release|Any CPU.Build.0 = Release|Any CPU
	EndGlobalSection
	GlobalSection(SolutionProperties) = preSolution
		HideSolutionNode = FALSE
	EndGlobalSection
	GlobalSection(ExtensibilityGlobals) = postSolution
		SolutionGuid = {BC36C6FD-AAFC-4EDF-980C-3BC0F77B879F}
	EndGlobalSection
EndGlobal
