
Microsoft Visual Studio Solution File, Format Version 12.00
# Visual Studio Version 17
VisualStudioVersion = 17.13.35825.156 d17.13
MinimumVisualStudioVersion = 10.0.40219.1
Project("{FAE04EC0-301F-11D3-BF4B-00C04F79EFBC}") = "project1_test", "project1_test\project1_test.csproj", "{78959417-337E-4945-8B91-254C60F5D613}"
EndProject
Global
	GlobalSection(SolutionConfigurationPlatforms) = preSolution
		Debug|Any CPU = Debug|Any CPU
		Release|Any CPU = Release|Any CPU
	EndGlobalSection
	GlobalSection(ProjectConfigurationPlatforms) = postSolution
		{78959417-337E-4945-8B91-254C60F5D613}.Debug|Any CPU.ActiveCfg = Debug|Any CPU
		{78959417-337E-4945-8B91-254C60F5D613}.Debug|Any CPU.Build.0 = Debug|Any CPU
		{78959417-337E-4945-8B91-254C60F5D613}.Release|Any CPU.ActiveCfg = Release|Any CPU
		{78959417-337E-4945-8B91-254C60F5D613}.Release|Any CPU.Build.0 = Release|Any CPU
	EndGlobalSection
	GlobalSection(SolutionProperties) = preSolution
		HideSolutionNode = FALSE
	EndGlobalSection
	GlobalSection(ExtensibilityGlobals) = postSolution
		SolutionGuid = {562BC068-95CB-4954-9774-F3DFD3CDE368}
	EndGlobalSection
EndGlobal
